
Microsoft Visual Studio Solution File, Format Version 12.00
# Visual Studio 15
VisualStudioVersion = 15.0.27703.2018
MinimumVisualStudioVersion = 10.0.40219.1
Project("{9A19103F-16F7-4668-BE54-9A1E7A4F7556}") = "KuCoinApi.NetCore", "KuCoinApi.NetCore\KuCoinApi.NetCore.csproj", "{89BCDA90-E031-4EA6-BC52-676B31024778}"
EndProject
Project("{FAE04EC0-301F-11D3-BF4B-00C04F79EFBC}") = "KuCoinApi.NetCore.Tests", "KuCoinApi.NetCore.Tests\KuCoinApi.NetCore.Tests.csproj", "{AF632930-5F1B-4D05-AA8E-D8C7674DD401}"
EndProject
Global
	GlobalSection(SolutionConfigurationPlatforms) = preSolution
		Debug|Any CPU = Debug|Any CPU
		Release|Any CPU = Release|Any CPU
	EndGlobalSection
	GlobalSection(ProjectConfigurationPlatforms) = postSolution
		{89BCDA90-E031-4EA6-BC52-676B31024778}.Debug|Any CPU.ActiveCfg = Debug|Any CPU
		{89BCDA90-E031-4EA6-BC52-676B31024778}.Debug|Any CPU.Build.0 = Debug|Any CPU
		{89BCDA90-E031-4EA6-BC52-676B31024778}.Release|Any CPU.ActiveCfg = Release|Any CPU
		{89BCDA90-E031-4EA6-BC52-676B31024778}.Release|Any CPU.Build.0 = Release|Any CPU
		{AF632930-5F1B-4D05-AA8E-D8C7674DD401}.Debug|Any CPU.ActiveCfg = Debug|Any CPU
		{AF632930-5F1B-4D05-AA8E-D8C7674DD401}.Debug|Any CPU.Build.0 = Debug|Any CPU
		{AF632930-5F1B-4D05-AA8E-D8C7674DD401}.Release|Any CPU.ActiveCfg = Release|Any CPU
		{AF632930-5F1B-4D05-AA8E-D8C7674DD401}.Release|Any CPU.Build.0 = Release|Any CPU
	EndGlobalSection
	GlobalSection(SolutionProperties) = preSolution
		HideSolutionNode = FALSE
	EndGlobalSection
	GlobalSection(ExtensibilityGlobals) = postSolution
		SolutionGuid = {64606084-5283-4CAC-819D-82A472EB6F42}
	EndGlobalSection
EndGlobal
